
Microsoft Visual Studio Solution File, Format Version 12.00
# Visual Studio Version 17
VisualStudioVersion = 17.13.35931.197 d17.13
MinimumVisualStudioVersion = 10.0.40219.1
Project("{FAE04EC0-301F-11D3-BF4B-00C04F79EFBC}") = "lab7CS", "lab7CS.csproj", "{16DC9861-C71F-43AD-BC12-333E34B6D7D7}"
EndProject
Global
	GlobalSection(SolutionConfigurationPlatforms) = preSolution
		Debug|Any CPU = Debug|Any CPU
		Release|Any CPU = Release|Any CPU
	EndGlobalSection
	GlobalSection(ProjectConfigurationPlatforms) = postSolution
		{16DC9861-C71F-43AD-BC12-333E34B6D7D7}.Debug|Any CPU.ActiveCfg = Debug|Any CPU
		{16DC9861-C71F-43AD-BC12-333E34B6D7D7}.Debug|Any CPU.Build.0 = Debug|Any CPU
		{16DC9861-C71F-43AD-BC12-333E34B6D7D7}.Release|Any CPU.ActiveCfg = Release|Any CPU
		{16DC9861-C71F-43AD-BC12-333E34B6D7D7}.Release|Any CPU.Build.0 = Release|Any CPU
	EndGlobalSection
	GlobalSection(SolutionProperties) = preSolution
		HideSolutionNode = FALSE
	EndGlobalSection
	GlobalSection(ExtensibilityGlobals) = postSolution
		SolutionGuid = {75FC6746-16C2-4E4D-9D75-684E54C2086E}
	EndGlobalSection
EndGlobal
